
Microsoft Visual Studio Solution File, Format Version 12.00
# Visual Studio Version 16
VisualStudioVersion = 16.0.33927.289
MinimumVisualStudioVersion = 10.0.40219.1
Project("{FAE04EC0-301F-11D3-BF4B-00C04F79EFBC}") = "phonedatabase", "phonedatabase\phonedatabase.csproj", "{6192AA18-5F3B-4CAA-AC8B-7D93CB5E38C2}"
EndProject
Global
	GlobalSection(SolutionConfigurationPlatforms) = preSolution
		Debug|Any CPU = Debug|Any CPU
		Release|Any CPU = Release|Any CPU
	EndGlobalSection
	GlobalSection(ProjectConfigurationPlatforms) = postSolution
		{6192AA18-5F3B-4CAA-AC8B-7D93CB5E38C2}.Debug|Any CPU.ActiveCfg = Debug|Any CPU
		{6192AA18-5F3B-4CAA-AC8B-7D93CB5E38C2}.Debug|Any CPU.Build.0 = Debug|Any CPU
		{6192AA18-5F3B-4CAA-AC8B-7D93CB5E38C2}.Release|Any CPU.ActiveCfg = Release|Any CPU
		{6192AA18-5F3B-4CAA-AC8B-7D93CB5E38C2}.Release|Any CPU.Build.0 = Release|Any CPU
	EndGlobalSection
	GlobalSection(SolutionProperties) = preSolution
		HideSolutionNode = FALSE
	EndGlobalSection
	GlobalSection(ExtensibilityGlobals) = postSolution
		SolutionGuid = {2731A078-09F8-4560-B6AA-5E18D43D826A}
	EndGlobalSection
EndGlobal
